
Microsoft Visual Studio Solution File, Format Version 12.00
# Visual Studio Version 16
VisualStudioVersion = 16.0.33027.164
MinimumVisualStudioVersion = 10.0.40219.1
Project("{FAE04EC0-301F-11D3-BF4B-00C04F79EFBC}") = "Sovellus", "Sovellus.csproj", "{B46E75E5-2386-4B98-96BA-7AEF27B60168}"
EndProject
Global
	GlobalSection(SolutionConfigurationPlatforms) = preSolution
		Debug|Any CPU = Debug|Any CPU
		Release|Any CPU = Release|Any CPU
	EndGlobalSection
	GlobalSection(ProjectConfigurationPlatforms) = postSolution
		{B46E75E5-2386-4B98-96BA-7AEF27B60168}.Debug|Any CPU.ActiveCfg = Debug|Any CPU
		{B46E75E5-2386-4B98-96BA-7AEF27B60168}.Debug|Any CPU.Build.0 = Debug|Any CPU
		{B46E75E5-2386-4B98-96BA-7AEF27B60168}.Release|Any CPU.ActiveCfg = Release|Any CPU
		{B46E75E5-2386-4B98-96BA-7AEF27B60168}.Release|Any CPU.Build.0 = Release|Any CPU
	EndGlobalSection
	GlobalSection(SolutionProperties) = preSolution
		HideSolutionNode = FALSE
	EndGlobalSection
	GlobalSection(ExtensibilityGlobals) = postSolution
		SolutionGuid = {F4FB914B-40D2-46DD-B26A-CF2EF3D65CAC}
	EndGlobalSection
EndGlobal
